
Microsoft Visual Studio Solution File, Format Version 12.00
# Visual Studio Version 17
VisualStudioVersion = 17.10.34928.147
MinimumVisualStudioVersion = 10.0.40219.1
Project("{9A19103F-16F7-4668-BE54-9A1E7A4F7556}") = "WebApi", "WebApi\WebApi.csproj", "{E8481A86-781E-41DB-BFD3-11AC6EBA3305}"
EndProject
Project("{9A19103F-16F7-4668-BE54-9A1E7A4F7556}") = "Models", "Models\Models.csproj", "{C79C9973-D8F0-4CD5-BEE9-96C4F806CFAB}"
EndProject
Project("{FAE04EC0-301F-11D3-BF4B-00C04F79EFBC}") = "UnitTests", "UnitTests\UnitTests.csproj", "{83B5E93E-7011-41A5-8203-68D214A58A97}"
EndProject
Global
	GlobalSection(SolutionConfigurationPlatforms) = preSolution
		Debug|Any CPU = Debug|Any CPU
		Release|Any CPU = Release|Any CPU
	EndGlobalSection
	GlobalSection(ProjectConfigurationPlatforms) = postSolution
		{E8481A86-781E-41DB-BFD3-11AC6EBA3305}.Debug|Any CPU.ActiveCfg = Debug|Any CPU
		{E8481A86-781E-41DB-BFD3-11AC6EBA3305}.Debug|Any CPU.Build.0 = Debug|Any CPU
		{E8481A86-781E-41DB-BFD3-11AC6EBA3305}.Release|Any CPU.ActiveCfg = Release|Any CPU
		{E8481A86-781E-41DB-BFD3-11AC6EBA3305}.Release|Any CPU.Build.0 = Release|Any CPU
		{C79C9973-D8F0-4CD5-BEE9-96C4F806CFAB}.Debug|Any CPU.ActiveCfg = Debug|Any CPU
		{C79C9973-D8F0-4CD5-BEE9-96C4F806CFAB}.Debug|Any CPU.Build.0 = Debug|Any CPU
		{C79C9973-D8F0-4CD5-BEE9-96C4F806CFAB}.Release|Any CPU.ActiveCfg = Release|Any CPU
		{C79C9973-D8F0-4CD5-BEE9-96C4F806CFAB}.Release|Any CPU.Build.0 = Release|Any CPU
		{83B5E93E-7011-41A5-8203-68D214A58A97}.Debug|Any CPU.ActiveCfg = Debug|Any CPU
		{83B5E93E-7011-41A5-8203-68D214A58A97}.Debug|Any CPU.Build.0 = Debug|Any CPU
		{83B5E93E-7011-41A5-8203-68D214A58A97}.Release|Any CPU.ActiveCfg = Release|Any CPU
		{83B5E93E-7011-41A5-8203-68D214A58A97}.Release|Any CPU.Build.0 = Release|Any CPU
	EndGlobalSection
	GlobalSection(SolutionProperties) = preSolution
		HideSolutionNode = FALSE
	EndGlobalSection
	GlobalSection(ExtensibilityGlobals) = postSolution
		SolutionGuid = {70505F79-FC8E-4080-9C45-65C582BB4109}
	EndGlobalSection
EndGlobal
